
Microsoft Visual Studio Solution File, Format Version 12.00
# Visual Studio 2013
VisualStudioVersion = 12.0.31101.0
MinimumVisualStudioVersion = 10.0.40219.1
Project("{FAE04EC0-301F-11D3-BF4B-00C04F79EFBC}") = "MDPBug", "MDPBug\MDPBug\MDPBug.csproj", "{E3846970-3811-435C-ADE4-BBC0842E2AF9}"
EndProject
Project("{FAE04EC0-301F-11D3-BF4B-00C04F79EFBC}") = "MDPBug.iOS", "MDPBug\MDPBug.iOS\MDPBug.iOS.csproj", "{61D64280-9E68-4689-B441-D0FB3992058B}"
EndProject
Project("{FAE04EC0-301F-11D3-BF4B-00C04F79EFBC}") = "MDPBug.Droid", "MDPBug\MDPBug.Droid\MDPBug.Droid.csproj", "{64782B83-53CD-4292-BE52-7C939F9FB56A}"
EndProject
Project("{FAE04EC0-301F-11D3-BF4B-00C04F79EFBC}") = "MDPBug.WinPhone", "MDPBug\MDPBug.WinPhone\MDPBug.WinPhone.csproj", "{1E32B05A-7F73-48FA-BDC2-AE7F8F5B17FD}"
EndProject
Global
	GlobalSection(SolutionConfigurationPlatforms) = preSolution
		Ad-Hoc|Any CPU = Ad-Hoc|Any CPU
		Ad-Hoc|ARM = Ad-Hoc|ARM
		Ad-Hoc|iPhone = Ad-Hoc|iPhone
		Ad-Hoc|iPhoneSimulator = Ad-Hoc|iPhoneSimulator
		Ad-Hoc|Mixed Platforms = Ad-Hoc|Mixed Platforms
		Ad-Hoc|x86 = Ad-Hoc|x86
		AppStore|Any CPU = AppStore|Any CPU
		AppStore|ARM = AppStore|ARM
		AppStore|iPhone = AppStore|iPhone
		AppStore|iPhoneSimulator = AppStore|iPhoneSimulator
		AppStore|Mixed Platforms = AppStore|Mixed Platforms
		AppStore|x86 = AppStore|x86
		Debug|Any CPU = Debug|Any CPU
		Debug|ARM = Debug|ARM
		Debug|iPhone = Debug|iPhone
		Debug|iPhoneSimulator = Debug|iPhoneSimulator
		Debug|Mixed Platforms = Debug|Mixed Platforms
		Debug|x86 = Debug|x86
		Release|Any CPU = Release|Any CPU
		Release|ARM = Release|ARM
		Release|iPhone = Release|iPhone
		Release|iPhoneSimulator = Release|iPhoneSimulator
		Release|Mixed Platforms = Release|Mixed Platforms
		Release|x86 = Release|x86
	EndGlobalSection
	GlobalSection(ProjectConfigurationPlatforms) = postSolution
		{E3846970-3811-435C-ADE4-BBC0842E2AF9}.Ad-Hoc|Any CPU.ActiveCfg = Release|Any CPU
		{E3846970-3811-435C-ADE4-BBC0842E2AF9}.Ad-Hoc|Any CPU.Build.0 = Release|Any CPU
		{E3846970-3811-435C-ADE4-BBC0842E2AF9}.Ad-Hoc|ARM.ActiveCfg = Release|Any CPU
		{E3846970-3811-435C-ADE4-BBC0842E2AF9}.Ad-Hoc|iPhone.ActiveCfg = Release|Any CPU
		{E3846970-3811-435C-ADE4-BBC0842E2AF9}.Ad-Hoc|iPhoneSimulator.ActiveCfg = Release|Any CPU
		{E3846970-3811-435C-ADE4-BBC0842E2AF9}.Ad-Hoc|Mixed Platforms.ActiveCfg = Release|Any CPU
		{E3846970-3811-435C-ADE4-BBC0842E2AF9}.Ad-Hoc|Mixed Platforms.Build.0 = Release|Any CPU
		{E3846970-3811-435C-ADE4-BBC0842E2AF9}.Ad-Hoc|x86.ActiveCfg = Release|Any CPU
		{E3846970-3811-435C-ADE4-BBC0842E2AF9}.AppStore|Any CPU.ActiveCfg = Release|Any CPU
		{E3846970-3811-435C-ADE4-BBC0842E2AF9}.AppStore|Any CPU.Build.0 = Release|Any CPU
		{E3846970-3811-435C-ADE4-BBC0842E2AF9}.AppStore|ARM.ActiveCfg = Release|Any CPU
		{E3846970-3811-435C-ADE4-BBC0842E2AF9}.AppStore|iPhone.ActiveCfg = Release|Any CPU
		{E3846970-3811-435C-ADE4-BBC0842E2AF9}.AppStore|iPhoneSimulator.ActiveCfg = Release|Any CPU
		{E3846970-3811-435C-ADE4-BBC0842E2AF9}.AppStore|Mixed Platforms.ActiveCfg = Release|Any CPU
		{E3846970-3811-435C-ADE4-BBC0842E2AF9}.AppStore|Mixed Platforms.Build.0 = Release|Any CPU
		{E3846970-3811-435C-ADE4-BBC0842E2AF9}.AppStore|x86.ActiveCfg = Release|Any CPU
		{E3846970-3811-435C-ADE4-BBC0842E2AF9}.Debug|Any CPU.ActiveCfg = Debug|Any CPU
		{E3846970-3811-435C-ADE4-BBC0842E2AF9}.Debug|Any CPU.Build.0 = Debug|Any CPU
		{E3846970-3811-435C-ADE4-BBC0842E2AF9}.Debug|ARM.ActiveCfg = Debug|Any CPU
		{E3846970-3811-435C-ADE4-BBC0842E2AF9}.Debug|iPhone.ActiveCfg = Debug|Any CPU
		{E3846970-3811-435C-ADE4-BBC0842E2AF9}.Debug|iPhoneSimulator.ActiveCfg = Debug|Any CPU
		{E3846970-3811-435C-ADE4-BBC0842E2AF9}.Debug|Mixed Platforms.ActiveCfg = Debug|Any CPU
		{E3846970-3811-435C-ADE4-BBC0842E2AF9}.Debug|Mixed Platforms.Build.0 = Debug|Any CPU
		{E3846970-3811-435C-ADE4-BBC0842E2AF9}.Debug|x86.ActiveCfg = Debug|Any CPU
		{E3846970-3811-435C-ADE4-BBC0842E2AF9}.Release|Any CPU.ActiveCfg = Release|Any CPU
		{E3846970-3811-435C-ADE4-BBC0842E2AF9}.Release|Any CPU.Build.0 = Release|Any CPU
		{E3846970-3811-435C-ADE4-BBC0842E2AF9}.Release|ARM.ActiveCfg = Release|Any CPU
		{E3846970-3811-435C-ADE4-BBC0842E2AF9}.Release|iPhone.ActiveCfg = Release|Any CPU
		{E3846970-3811-435C-ADE4-BBC0842E2AF9}.Release|iPhoneSimulator.ActiveCfg = Release|Any CPU
		{E3846970-3811-435C-ADE4-BBC0842E2AF9}.Release|Mixed Platforms.ActiveCfg = Release|Any CPU
		{E3846970-3811-435C-ADE4-BBC0842E2AF9}.Release|Mixed Platforms.Build.0 = Release|Any CPU
		{E3846970-3811-435C-ADE4-BBC0842E2AF9}.Release|x86.ActiveCfg = Release|Any CPU
		{61D64280-9E68-4689-B441-D0FB3992058B}.Ad-Hoc|Any CPU.ActiveCfg = Ad-Hoc|iPhone
		{61D64280-9E68-4689-B441-D0FB3992058B}.Ad-Hoc|ARM.ActiveCfg = Ad-Hoc|iPhone
		{61D64280-9E68-4689-B441-D0FB3992058B}.Ad-Hoc|iPhone.ActiveCfg = Ad-Hoc|iPhone
		{61D64280-9E68-4689-B441-D0FB3992058B}.Ad-Hoc|iPhone.Build.0 = Ad-Hoc|iPhone
		{61D64280-9E68-4689-B441-D0FB3992058B}.Ad-Hoc|iPhoneSimulator.ActiveCfg = Ad-Hoc|iPhoneSimulator
		{61D64280-9E68-4689-B441-D0FB3992058B}.Ad-Hoc|iPhoneSimulator.Build.0 = Ad-Hoc|iPhoneSimulator
		{61D64280-9E68-4689-B441-D0FB3992058B}.Ad-Hoc|Mixed Platforms.ActiveCfg = Ad-Hoc|iPhone
		{61D64280-9E68-4689-B441-D0FB3992058B}.Ad-Hoc|Mixed Platforms.Build.0 = Ad-Hoc|iPhone
		{61D64280-9E68-4689-B441-D0FB3992058B}.Ad-Hoc|x86.ActiveCfg = Ad-Hoc|iPhone
		{61D64280-9E68-4689-B441-D0FB3992058B}.AppStore|Any CPU.ActiveCfg = AppStore|iPhone
		{61D64280-9E68-4689-B441-D0FB3992058B}.AppStore|ARM.ActiveCfg = AppStore|iPhone
		{61D64280-9E68-4689-B441-D0FB3992058B}.AppStore|iPhone.ActiveCfg = AppStore|iPhone
		{61D64280-9E68-4689-B441-D0FB3992058B}.AppStore|iPhone.Build.0 = AppStore|iPhone
		{61D64280-9E68-4689-B441-D0FB3992058B}.AppStore|iPhoneSimulator.ActiveCfg = AppStore|iPhoneSimulator
		{61D64280-9E68-4689-B441-D0FB3992058B}.AppStore|iPhoneSimulator.Build.0 = AppStore|iPhoneSimulator
		{61D64280-9E68-4689-B441-D0FB3992058B}.AppStore|Mixed Platforms.ActiveCfg = AppStore|iPhone
		{61D64280-9E68-4689-B441-D0FB3992058B}.AppStore|Mixed Platforms.Build.0 = AppStore|iPhone
		{61D64280-9E68-4689-B441-D0FB3992058B}.AppStore|x86.ActiveCfg = AppStore|iPhone
		{61D64280-9E68-4689-B441-D0FB3992058B}.Debug|Any CPU.ActiveCfg = Debug|iPhone
		{61D64280-9E68-4689-B441-D0FB3992058B}.Debug|ARM.ActiveCfg = Debug|iPhone
		{61D64280-9E68-4689-B441-D0FB3992058B}.Debug|iPhone.ActiveCfg = Debug|iPhone
		{61D64280-9E68-4689-B441-D0FB3992058B}.Debug|iPhone.Build.0 = Debug|iPhone
		{61D64280-9E68-4689-B441-D0FB3992058B}.Debug|iPhoneSimulator.ActiveCfg = Debug|iPhoneSimulator
		{61D64280-9E68-4689-B441-D0FB3992058B}.Debug|iPhoneSimulator.Build.0 = Debug|iPhoneSimulator
		{61D64280-9E68-4689-B441-D0FB3992058B}.Debug|Mixed Platforms.ActiveCfg = Debug|iPhone
		{61D64280-9E68-4689-B441-D0FB3992058B}.Debug|Mixed Platforms.Build.0 = Debug|iPhone
		{61D64280-9E68-4689-B441-D0FB3992058B}.Debug|x86.ActiveCfg = Debug|iPhone
		{61D64280-9E68-4689-B441-D0FB3992058B}.Release|Any CPU.ActiveCfg = Release|iPhone
		{61D64280-9E68-4689-B441-D0FB3992058B}.Release|ARM.ActiveCfg = Release|iPhone
		{61D64280-9E68-4689-B441-D0FB3992058B}.Release|iPhone.ActiveCfg = Release|iPhone
		{61D64280-9E68-4689-B441-D0FB3992058B}.Release|iPhone.Build.0 = Release|iPhone
		{61D64280-9E68-4689-B441-D0FB3992058B}.Release|iPhoneSimulator.ActiveCfg = Release|iPhoneSimulator
		{61D64280-9E68-4689-B441-D0FB3992058B}.Release|iPhoneSimulator.Build.0 = Release|iPhoneSimulator
		{61D64280-9E68-4689-B441-D0FB3992058B}.Release|Mixed Platforms.ActiveCfg = Release|iPhone
		{61D64280-9E68-4689-B441-D0FB3992058B}.Release|Mixed Platforms.Build.0 = Release|iPhone
		{61D64280-9E68-4689-B441-D0FB3992058B}.Release|x86.ActiveCfg = Release|iPhone
		{64782B83-53CD-4292-BE52-7C939F9FB56A}.Ad-Hoc|Any CPU.ActiveCfg = Release|Any CPU
		{64782B83-53CD-4292-BE52-7C939F9FB56A}.Ad-Hoc|Any CPU.Build.0 = Release|Any CPU
		{64782B83-53CD-4292-BE52-7C939F9FB56A}.Ad-Hoc|Any CPU.Deploy.0 = Release|Any CPU
		{64782B83-53CD-4292-BE52-7C939F9FB56A}.Ad-Hoc|ARM.ActiveCfg = Release|Any CPU
		{64782B83-53CD-4292-BE52-7C939F9FB56A}.Ad-Hoc|iPhone.ActiveCfg = Release|Any CPU
		{64782B83-53CD-4292-BE52-7C939F9FB56A}.Ad-Hoc|iPhoneSimulator.ActiveCfg = Release|Any CPU
		{64782B83-53CD-4292-BE52-7C939F9FB56A}.Ad-Hoc|Mixed Platforms.ActiveCfg = Release|Any CPU
		{64782B83-53CD-4292-BE52-7C939F9FB56A}.Ad-Hoc|Mixed Platforms.Build.0 = Release|Any CPU
		{64782B83-53CD-4292-BE52-7C939F9FB56A}.Ad-Hoc|Mixed Platforms.Deploy.0 = Release|Any CPU
		{64782B83-53CD-4292-BE52-7C939F9FB56A}.Ad-Hoc|x86.ActiveCfg = Release|Any CPU
		{64782B83-53CD-4292-BE52-7C939F9FB56A}.AppStore|Any CPU.ActiveCfg = Release|Any CPU
		{64782B83-53CD-4292-BE52-7C939F9FB56A}.AppStore|Any CPU.Build.0 = Release|Any CPU
		{64782B83-53CD-4292-BE52-7C939F9FB56A}.AppStore|Any CPU.Deploy.0 = Release|Any CPU
		{64782B83-53CD-4292-BE52-7C939F9FB56A}.AppStore|ARM.ActiveCfg = Release|Any CPU
		{64782B83-53CD-4292-BE52-7C939F9FB56A}.AppStore|iPhone.ActiveCfg = Release|Any CPU
		{64782B83-53CD-4292-BE52-7C939F9FB56A}.AppStore|iPhoneSimulator.ActiveCfg = Release|Any CPU
		{64782B83-53CD-4292-BE52-7C939F9FB56A}.AppStore|Mixed Platforms.ActiveCfg = Release|Any CPU
		{64782B83-53CD-4292-BE52-7C939F9FB56A}.AppStore|Mixed Platforms.Build.0 = Release|Any CPU
		{64782B83-53CD-4292-BE52-7C939F9FB56A}.AppStore|Mixed Platforms.Deploy.0 = Release|Any CPU
		{64782B83-53CD-4292-BE52-7C939F9FB56A}.AppStore|x86.ActiveCfg = Release|Any CPU
		{64782B83-53CD-4292-BE52-7C939F9FB56A}.Debug|Any CPU.ActiveCfg = Debug|Any CPU
		{64782B83-53CD-4292-BE52-7C939F9FB56A}.Debug|Any CPU.Build.0 = Debug|Any CPU
		{64782B83-53CD-4292-BE52-7C939F9FB56A}.Debug|Any CPU.Deploy.0 = Debug|Any CPU
		{64782B83-53CD-4292-BE52-7C939F9FB56A}.Debug|ARM.ActiveCfg = Debug|Any CPU
		{64782B83-53CD-4292-BE52-7C939F9FB56A}.Debug|iPhone.ActiveCfg = Debug|Any CPU
		{64782B83-53CD-4292-BE52-7C939F9FB56A}.Debug|iPhoneSimulator.ActiveCfg = Debug|Any CPU
		{64782B83-53CD-4292-BE52-7C939F9FB56A}.Debug|Mixed Platforms.ActiveCfg = Debug|Any CPU
		{64782B83-53CD-4292-BE52-7C939F9FB56A}.Debug|Mixed Platforms.Build.0 = Debug|Any CPU
		{64782B83-53CD-4292-BE52-7C939F9FB56A}.Debug|Mixed Platforms.Deploy.0 = Debug|Any CPU
		{64782B83-53CD-4292-BE52-7C939F9FB56A}.Debug|x86.ActiveCfg = Debug|Any CPU
		{64782B83-53CD-4292-BE52-7C939F9FB56A}.Release|Any CPU.ActiveCfg = Release|Any CPU
		{64782B83-53CD-4292-BE52-7C939F9FB56A}.Release|Any CPU.Build.0 = Release|Any CPU
		{64782B83-53CD-4292-BE52-7C939F9FB56A}.Release|Any CPU.Deploy.0 = Release|Any CPU
		{64782B83-53CD-4292-BE52-7C939F9FB56A}.Release|ARM.ActiveCfg = Release|Any CPU
		{64782B83-53CD-4292-BE52-7C939F9FB56A}.Release|iPhone.ActiveCfg = Release|Any CPU
		{64782B83-53CD-4292-BE52-7C939F9FB56A}.Release|iPhoneSimulator.ActiveCfg = Release|Any CPU
		{64782B83-53CD-4292-BE52-7C939F9FB56A}.Release|Mixed Platforms.ActiveCfg = Release|Any CPU
		{64782B83-53CD-4292-BE52-7C939F9FB56A}.Release|Mixed Platforms.Build.0 = Release|Any CPU
		{64782B83-53CD-4292-BE52-7C939F9FB56A}.Release|Mixed Platforms.Deploy.0 = Release|Any CPU
		{64782B83-53CD-4292-BE52-7C939F9FB56A}.Release|x86.ActiveCfg = Release|Any CPU
		{1E32B05A-7F73-48FA-BDC2-AE7F8F5B17FD}.Ad-Hoc|Any CPU.ActiveCfg = Release|Any CPU
		{1E32B05A-7F73-48FA-BDC2-AE7F8F5B17FD}.Ad-Hoc|Any CPU.Build.0 = Release|Any CPU
		{1E32B05A-7F73-48FA-BDC2-AE7F8F5B17FD}.Ad-Hoc|Any CPU.Deploy.0 = Release|Any CPU
		{1E32B05A-7F73-48FA-BDC2-AE7F8F5B17FD}.Ad-Hoc|ARM.ActiveCfg = Release|ARM
		{1E32B05A-7F73-48FA-BDC2-AE7F8F5B17FD}.Ad-Hoc|ARM.Build.0 = Release|ARM
		{1E32B05A-7F73-48FA-BDC2-AE7F8F5B17FD}.Ad-Hoc|ARM.Deploy.0 = Release|ARM
		{1E32B05A-7F73-48FA-BDC2-AE7F8F5B17FD}.Ad-Hoc|iPhone.ActiveCfg = Release|Any CPU
		{1E32B05A-7F73-48FA-BDC2-AE7F8F5B17FD}.Ad-Hoc|iPhoneSimulator.ActiveCfg = Release|Any CPU
		{1E32B05A-7F73-48FA-BDC2-AE7F8F5B17FD}.Ad-Hoc|Mixed Platforms.ActiveCfg = Release|x86
		{1E32B05A-7F73-48FA-BDC2-AE7F8F5B17FD}.Ad-Hoc|Mixed Platforms.Build.0 = Release|x86
		{1E32B05A-7F73-48FA-BDC2-AE7F8F5B17FD}.Ad-Hoc|Mixed Platforms.Deploy.0 = Release|x86
		{1E32B05A-7F73-48FA-BDC2-AE7F8F5B17FD}.Ad-Hoc|x86.ActiveCfg = Release|x86
		{1E32B05A-7F73-48FA-BDC2-AE7F8F5B17FD}.Ad-Hoc|x86.Build.0 = Release|x86
		{1E32B05A-7F73-48FA-BDC2-AE7F8F5B17FD}.Ad-Hoc|x86.Deploy.0 = Release|x86
		{1E32B05A-7F73-48FA-BDC2-AE7F8F5B17FD}.AppStore|Any CPU.ActiveCfg = Release|Any CPU
		{1E32B05A-7F73-48FA-BDC2-AE7F8F5B17FD}.AppStore|Any CPU.Build.0 = Release|Any CPU
		{1E32B05A-7F73-48FA-BDC2-AE7F8F5B17FD}.AppStore|Any CPU.Deploy.0 = Release|Any CPU
		{1E32B05A-7F73-48FA-BDC2-AE7F8F5B17FD}.AppStore|ARM.ActiveCfg = Release|ARM
		{1E32B05A-7F73-48FA-BDC2-AE7F8F5B17FD}.AppStore|ARM.Build.0 = Release|ARM
		{1E32B05A-7F73-48FA-BDC2-AE7F8F5B17FD}.AppStore|ARM.Deploy.0 = Release|ARM
		{1E32B05A-7F73-48FA-BDC2-AE7F8F5B17FD}.AppStore|iPhone.ActiveCfg = Release|Any CPU
		{1E32B05A-7F73-48FA-BDC2-AE7F8F5B17FD}.AppStore|iPhoneSimulator.ActiveCfg = Release|Any CPU
		{1E32B05A-7F73-48FA-BDC2-AE7F8F5B17FD}.AppStore|Mixed Platforms.ActiveCfg = Release|x86
		{1E32B05A-7F73-48FA-BDC2-AE7F8F5B17FD}.AppStore|Mixed Platforms.Build.0 = Release|x86
		{1E32B05A-7F73-48FA-BDC2-AE7F8F5B17FD}.AppStore|Mixed Platforms.Deploy.0 = Release|x86
		{1E32B05A-7F73-48FA-BDC2-AE7F8F5B17FD}.AppStore|x86.ActiveCfg = Release|x86
		{1E32B05A-7F73-48FA-BDC2-AE7F8F5B17FD}.AppStore|x86.Build.0 = Release|x86
		{1E32B05A-7F73-48FA-BDC2-AE7F8F5B17FD}.AppStore|x86.Deploy.0 = Release|x86
		{1E32B05A-7F73-48FA-BDC2-AE7F8F5B17FD}.Debug|Any CPU.ActiveCfg = Debug|Any CPU
		{1E32B05A-7F73-48FA-BDC2-AE7F8F5B17FD}.Debug|Any CPU.Build.0 = Debug|Any CPU
		{1E32B05A-7F73-48FA-BDC2-AE7F8F5B17FD}.Debug|Any CPU.Deploy.0 = Debug|Any CPU
		{1E32B05A-7F73-48FA-BDC2-AE7F8F5B17FD}.Debug|ARM.ActiveCfg = Debug|ARM
		{1E32B05A-7F73-48FA-BDC2-AE7F8F5B17FD}.Debug|ARM.Build.0 = Debug|ARM
		{1E32B05A-7F73-48FA-BDC2-AE7F8F5B17FD}.Debug|ARM.Deploy.0 = Debug|ARM
		{1E32B05A-7F73-48FA-BDC2-AE7F8F5B17FD}.Debug|iPhone.ActiveCfg = Debug|Any CPU
		{1E32B05A-7F73-48FA-BDC2-AE7F8F5B17FD}.Debug|iPhoneSimulator.ActiveCfg = Debug|Any CPU
		{1E32B05A-7F73-48FA-BDC2-AE7F8F5B17FD}.Debug|Mixed Platforms.ActiveCfg = Debug|x86
		{1E32B05A-7F73-48FA-BDC2-AE7F8F5B17FD}.Debug|Mixed Platforms.Build.0 = Debug|x86
		{1E32B05A-7F73-48FA-BDC2-AE7F8F5B17FD}.Debug|Mixed Platforms.Deploy.0 = Debug|x86
		{1E32B05A-7F73-48FA-BDC2-AE7F8F5B17FD}.Debug|x86.ActiveCfg = Debug|x86
		{1E32B05A-7F73-48FA-BDC2-AE7F8F5B17FD}.Debug|x86.Build.0 = Debug|x86
		{1E32B05A-7F73-48FA-BDC2-AE7F8F5B17FD}.Debug|x86.Deploy.0 = Debug|x86
		{1E32B05A-7F73-48FA-BDC2-AE7F8F5B17FD}.Release|Any CPU.ActiveCfg = Release|Any CPU
		{1E32B05A-7F73-48FA-BDC2-AE7F8F5B17FD}.Release|Any CPU.Build.0 = Release|Any CPU
		{1E32B05A-7F73-48FA-BDC2-AE7F8F5B17FD}.Release|Any CPU.Deploy.0 = Release|Any CPU
		{1E32B05A-7F73-48FA-BDC2-AE7F8F5B17FD}.Release|ARM.ActiveCfg = Release|ARM
		{1E32B05A-7F73-48FA-BDC2-AE7F8F5B17FD}.Release|ARM.Build.0 = Release|ARM
		{1E32B05A-7F73-48FA-BDC2-AE7F8F5B17FD}.Release|ARM.Deploy.0 = Release|ARM
		{1E32B05A-7F73-48FA-BDC2-AE7F8F5B17FD}.Release|iPhone.ActiveCfg = Release|Any CPU
		{1E32B05A-7F73-48FA-BDC2-AE7F8F5B17FD}.Release|iPhoneSimulator.ActiveCfg = Release|Any CPU
		{1E32B05A-7F73-48FA-BDC2-AE7F8F5B17FD}.Release|Mixed Platforms.ActiveCfg = Release|x86
		{1E32B05A-7F73-48FA-BDC2-AE7F8F5B17FD}.Release|Mixed Platforms.Build.0 = Release|x86
		{1E32B05A-7F73-48FA-BDC2-AE7F8F5B17FD}.Release|Mixed Platforms.Deploy.0 = Release|x86
		{1E32B05A-7F73-48FA-BDC2-AE7F8F5B17FD}.Release|x86.ActiveCfg = Release|x86
		{1E32B05A-7F73-48FA-BDC2-AE7F8F5B17FD}.Release|x86.Build.0 = Release|x86
		{1E32B05A-7F73-48FA-BDC2-AE7F8F5B17FD}.Release|x86.Deploy.0 = Release|x86
	EndGlobalSection
	GlobalSection(SolutionProperties) = preSolution
		HideSolutionNode = FALSE
	EndGlobalSection
EndGlobal
